
Microsoft Visual Studio Solution File, Format Version 12.00
# Visual Studio 15
VisualStudioVersion = 15.0.27130.2020
MinimumVisualStudioVersion = 10.0.40219.1
Project("{8BC9CEB8-8B4A-11D0-8D11-00A0C91BC942}") = "NewJojoGame", "NewJojoGame\NewJojoGame.vcxproj", "{D1852D6C-C934-442B-AF92-197381B48ACA}"
	ProjectSection(ProjectDependencies) = postProject
		{BD478B56-B06B-4F26-96A4-1803DC6510BC} = {BD478B56-B06B-4F26-96A4-1803DC6510BC}
		{22B3005C-2645-4656-9F66-55DD2AB68DC5} = {22B3005C-2645-4656-9F66-55DD2AB68DC5}
		{20D48AA0-6594-42F6-A22F-890AE0041BC4} = {20D48AA0-6594-42F6-A22F-890AE0041BC4}
		{F28F04B7-4B18-47E2-ABE8-0DE92D602258} = {F28F04B7-4B18-47E2-ABE8-0DE92D602258}
	EndProjectSection
EndProject
Project("{8BC9CEB8-8B4A-11D0-8D11-00A0C91BC942}") = "BaseLib", "Library\BaseLib\BaseLib.vcxproj", "{22B3005C-2645-4656-9F66-55DD2AB68DC5}"
EndProject
Project("{8BC9CEB8-8B4A-11D0-8D11-00A0C91BC942}") = "LuaLib", "Library\LuaLib\LuaLib.vcxproj", "{BD478B56-B06B-4F26-96A4-1803DC6510BC}"
EndProject
Project("{8BC9CEB8-8B4A-11D0-8D11-00A0C91BC942}") = "UILib", "Library\UILib\UILib.vcxproj", "{F28F04B7-4B18-47E2-ABE8-0DE92D602258}"
	ProjectSection(ProjectDependencies) = postProject
		{22B3005C-2645-4656-9F66-55DD2AB68DC5} = {22B3005C-2645-4656-9F66-55DD2AB68DC5}
	EndProjectSection
EndProject
Project("{8BC9CEB8-8B4A-11D0-8D11-00A0C91BC942}") = "CommonLib", "Library\CommonLib\CommonLib.vcxproj", "{20D48AA0-6594-42F6-A22F-890AE0041BC4}"
	ProjectSection(ProjectDependencies) = postProject
		{BD478B56-B06B-4F26-96A4-1803DC6510BC} = {BD478B56-B06B-4F26-96A4-1803DC6510BC}
		{22B3005C-2645-4656-9F66-55DD2AB68DC5} = {22B3005C-2645-4656-9F66-55DD2AB68DC5}
	EndProjectSection
EndProject
Project("{8BC9CEB8-8B4A-11D0-8D11-00A0C91BC942}") = "FontLib", "Library\FontLib\FontLib.vcxproj", "{F308AE50-5C06-49D2-B93C-AC56424F199E}"
EndProject
Global
	GlobalSection(SolutionConfigurationPlatforms) = preSolution
		Debug|x64 = Debug|x64
		Debug|x86 = Debug|x86
		Release|x64 = Release|x64
		Release|x86 = Release|x86
	EndGlobalSection
	GlobalSection(ProjectConfigurationPlatforms) = postSolution
		{D1852D6C-C934-442B-AF92-197381B48ACA}.Debug|x64.ActiveCfg = Debug|x64
		{D1852D6C-C934-442B-AF92-197381B48ACA}.Debug|x64.Build.0 = Debug|x64
		{D1852D6C-C934-442B-AF92-197381B48ACA}.Debug|x86.ActiveCfg = Debug|Win32
		{D1852D6C-C934-442B-AF92-197381B48ACA}.Debug|x86.Build.0 = Debug|Win32
		{D1852D6C-C934-442B-AF92-197381B48ACA}.Release|x64.ActiveCfg = Release|x64
		{D1852D6C-C934-442B-AF92-197381B48ACA}.Release|x64.Build.0 = Release|x64
		{D1852D6C-C934-442B-AF92-197381B48ACA}.Release|x86.ActiveCfg = Release|Win32
		{D1852D6C-C934-442B-AF92-197381B48ACA}.Release|x86.Build.0 = Release|Win32
		{22B3005C-2645-4656-9F66-55DD2AB68DC5}.Debug|x64.ActiveCfg = Debug|x64
		{22B3005C-2645-4656-9F66-55DD2AB68DC5}.Debug|x64.Build.0 = Debug|x64
		{22B3005C-2645-4656-9F66-55DD2AB68DC5}.Debug|x86.ActiveCfg = Debug|Win32
		{22B3005C-2645-4656-9F66-55DD2AB68DC5}.Debug|x86.Build.0 = Debug|Win32
		{22B3005C-2645-4656-9F66-55DD2AB68DC5}.Release|x64.ActiveCfg = Release|x64
		{22B3005C-2645-4656-9F66-55DD2AB68DC5}.Release|x64.Build.0 = Release|x64
		{22B3005C-2645-4656-9F66-55DD2AB68DC5}.Release|x86.ActiveCfg = Release|Win32
		{22B3005C-2645-4656-9F66-55DD2AB68DC5}.Release|x86.Build.0 = Release|Win32
		{BD478B56-B06B-4F26-96A4-1803DC6510BC}.Debug|x64.ActiveCfg = Debug|x64
		{BD478B56-B06B-4F26-96A4-1803DC6510BC}.Debug|x64.Build.0 = Debug|x64
		{BD478B56-B06B-4F26-96A4-1803DC6510BC}.Debug|x86.ActiveCfg = Debug|Win32
		{BD478B56-B06B-4F26-96A4-1803DC6510BC}.Debug|x86.Build.0 = Debug|Win32
		{BD478B56-B06B-4F26-96A4-1803DC6510BC}.Release|x64.ActiveCfg = Release|x64
		{BD478B56-B06B-4F26-96A4-1803DC6510BC}.Release|x64.Build.0 = Release|x64
		{BD478B56-B06B-4F26-96A4-1803DC6510BC}.Release|x86.ActiveCfg = Release|Win32
		{BD478B56-B06B-4F26-96A4-1803DC6510BC}.Release|x86.Build.0 = Release|Win32
		{F28F04B7-4B18-47E2-ABE8-0DE92D602258}.Debug|x64.ActiveCfg = Debug|x64
		{F28F04B7-4B18-47E2-ABE8-0DE92D602258}.Debug|x64.Build.0 = Debug|x64
		{F28F04B7-4B18-47E2-ABE8-0DE92D602258}.Debug|x86.ActiveCfg = Debug|Win32
		{F28F04B7-4B18-47E2-ABE8-0DE92D602258}.Debug|x86.Build.0 = Debug|Win32
		{F28F04B7-4B18-47E2-ABE8-0DE92D602258}.Release|x64.ActiveCfg = Release|x64
		{F28F04B7-4B18-47E2-ABE8-0DE92D602258}.Release|x64.Build.0 = Release|x64
		{F28F04B7-4B18-47E2-ABE8-0DE92D602258}.Release|x86.ActiveCfg = Release|Win32
		{F28F04B7-4B18-47E2-ABE8-0DE92D602258}.Release|x86.Build.0 = Release|Win32
		{20D48AA0-6594-42F6-A22F-890AE0041BC4}.Debug|x64.ActiveCfg = Debug|x64
		{20D48AA0-6594-42F6-A22F-890AE0041BC4}.Debug|x64.Build.0 = Debug|x64
		{20D48AA0-6594-42F6-A22F-890AE0041BC4}.Debug|x86.ActiveCfg = Debug|Win32
		{20D48AA0-6594-42F6-A22F-890AE0041BC4}.Debug|x86.Build.0 = Debug|Win32
		{20D48AA0-6594-42F6-A22F-890AE0041BC4}.Release|x64.ActiveCfg = Release|x64
		{20D48AA0-6594-42F6-A22F-890AE0041BC4}.Release|x64.Build.0 = Release|x64
		{20D48AA0-6594-42F6-A22F-890AE0041BC4}.Release|x86.ActiveCfg = Release|Win32
		{20D48AA0-6594-42F6-A22F-890AE0041BC4}.Release|x86.Build.0 = Release|Win32
		{F308AE50-5C06-49D2-B93C-AC56424F199E}.Debug|x64.ActiveCfg = Debug|x64
		{F308AE50-5C06-49D2-B93C-AC56424F199E}.Debug|x64.Build.0 = Debug|x64
		{F308AE50-5C06-49D2-B93C-AC56424F199E}.Debug|x86.ActiveCfg = Debug|Win32
		{F308AE50-5C06-49D2-B93C-AC56424F199E}.Debug|x86.Build.0 = Debug|Win32
		{F308AE50-5C06-49D2-B93C-AC56424F199E}.Release|x64.ActiveCfg = Release|x64
		{F308AE50-5C06-49D2-B93C-AC56424F199E}.Release|x64.Build.0 = Release|x64
		{F308AE50-5C06-49D2-B93C-AC56424F199E}.Release|x86.ActiveCfg = Release|Win32
		{F308AE50-5C06-49D2-B93C-AC56424F199E}.Release|x86.Build.0 = Release|Win32
	EndGlobalSection
	GlobalSection(SolutionProperties) = preSolution
		HideSolutionNode = FALSE
	EndGlobalSection
	GlobalSection(ExtensibilityGlobals) = postSolution
		SolutionGuid = {55D1BE71-F63E-400F-8550-19A60491CD0D}
	EndGlobalSection
EndGlobal
